
Microsoft Visual Studio Solution File, Format Version 12.00
# Visual Studio Version 17
VisualStudioVersion = 17.12.35707.178
MinimumVisualStudioVersion = 10.0.40219.1
Project("{2150E333-8FDC-42A3-9474-1A3956D46DE8}") = "Solution Items", "Solution Items", "{8546A2ED-54D4-4BBE-B7D7-50E241367A9D}"
	ProjectSection(SolutionItems) = preProject
		.gitignore = .gitignore
	EndProjectSection
EndProject
Project("{FAE04EC0-301F-11D3-BF4B-00C04F79EFBC}") = "control_ppt_server", "control_ppt_server\control_ppt_server.csproj", "{3BB76AED-C683-4DEE-80AC-B4EACB4B89CF}"
EndProject
Project("{FAE04EC0-301F-11D3-BF4B-00C04F79EFBC}") = "create_ppt_app", "create_ppt_app\create_ppt_app.csproj", "{F52BCE47-0876-4D82-B192-4A298DB50B93}"
EndProject
Project("{FAE04EC0-301F-11D3-BF4B-00C04F79EFBC}") = "Common", "Common\Common.csproj", "{6989ABDE-4797-4D35-8012-53A66C41A5B4}"
EndProject
Global
	GlobalSection(SolutionConfigurationPlatforms) = preSolution
		Debug|Any CPU = Debug|Any CPU
		Release|Any CPU = Release|Any CPU
	EndGlobalSection
	GlobalSection(ProjectConfigurationPlatforms) = postSolution
		{3BB76AED-C683-4DEE-80AC-B4EACB4B89CF}.Debug|Any CPU.ActiveCfg = Debug|Any CPU
		{3BB76AED-C683-4DEE-80AC-B4EACB4B89CF}.Debug|Any CPU.Build.0 = Debug|Any CPU
		{3BB76AED-C683-4DEE-80AC-B4EACB4B89CF}.Release|Any CPU.ActiveCfg = Release|Any CPU
		{3BB76AED-C683-4DEE-80AC-B4EACB4B89CF}.Release|Any CPU.Build.0 = Release|Any CPU
		{F52BCE47-0876-4D82-B192-4A298DB50B93}.Debug|Any CPU.ActiveCfg = Debug|Any CPU
		{F52BCE47-0876-4D82-B192-4A298DB50B93}.Debug|Any CPU.Build.0 = Debug|Any CPU
		{F52BCE47-0876-4D82-B192-4A298DB50B93}.Release|Any CPU.ActiveCfg = Release|Any CPU
		{F52BCE47-0876-4D82-B192-4A298DB50B93}.Release|Any CPU.Build.0 = Release|Any CPU
		{6989ABDE-4797-4D35-8012-53A66C41A5B4}.Debug|Any CPU.ActiveCfg = Debug|Any CPU
		{6989ABDE-4797-4D35-8012-53A66C41A5B4}.Debug|Any CPU.Build.0 = Debug|Any CPU
		{6989ABDE-4797-4D35-8012-53A66C41A5B4}.Release|Any CPU.ActiveCfg = Release|Any CPU
		{6989ABDE-4797-4D35-8012-53A66C41A5B4}.Release|Any CPU.Build.0 = Release|Any CPU
	EndGlobalSection
	GlobalSection(SolutionProperties) = preSolution
		HideSolutionNode = FALSE
	EndGlobalSection
EndGlobal
